
Microsoft Visual Studio Solution File, Format Version 12.00
# Visual Studio 15
VisualStudioVersion = 15.0.27004.2005
MinimumVisualStudioVersion = 10.0.40219.1
Project("{9A19103F-16F7-4668-BE54-9A1E7A4F7556}") = "EMS2", "EMS2.csproj", "{8557E8A9-37E0-4386-A4BF-764F23086F2F}"
EndProject
Global
	GlobalSection(SolutionConfigurationPlatforms) = preSolution
		Debug|Any CPU = Debug|Any CPU
		Release|Any CPU = Release|Any CPU
	EndGlobalSection
	GlobalSection(ProjectConfigurationPlatforms) = postSolution
		{8557E8A9-37E0-4386-A4BF-764F23086F2F}.Debug|Any CPU.ActiveCfg = Debug|Any CPU
		{8557E8A9-37E0-4386-A4BF-764F23086F2F}.Debug|Any CPU.Build.0 = Debug|Any CPU
		{8557E8A9-37E0-4386-A4BF-764F23086F2F}.Release|Any CPU.ActiveCfg = Release|Any CPU
		{8557E8A9-37E0-4386-A4BF-764F23086F2F}.Release|Any CPU.Build.0 = Release|Any CPU
	EndGlobalSection
	GlobalSection(SolutionProperties) = preSolution
		HideSolutionNode = FALSE
	EndGlobalSection
	GlobalSection(ExtensibilityGlobals) = postSolution
		SolutionGuid = {D730EBF5-0317-45F1-A93D-7C3101941C1E}
	EndGlobalSection
EndGlobal
